
Microsoft Visual Studio Solution File, Format Version 12.00
# Visual Studio Version 16
VisualStudioVersion = 16.0.31313.79
MinimumVisualStudioVersion = 10.0.40219.1
Project("{FAE04EC0-301F-11D3-BF4B-00C04F79EFBC}") = "MultiFileRenameTool", "MultiFileRenameTool\MultiFileRenameTool.csproj", "{8ABBD30B-3FF4-45A1-9DFD-7F7E06021210}"
EndProject
Global
	GlobalSection(SolutionConfigurationPlatforms) = preSolution
		Debug|Any CPU = Debug|Any CPU
		Release|Any CPU = Release|Any CPU
	EndGlobalSection
	GlobalSection(ProjectConfigurationPlatforms) = postSolution
		{8ABBD30B-3FF4-45A1-9DFD-7F7E06021210}.Debug|Any CPU.ActiveCfg = Debug|Any CPU
		{8ABBD30B-3FF4-45A1-9DFD-7F7E06021210}.Debug|Any CPU.Build.0 = Debug|Any CPU
		{8ABBD30B-3FF4-45A1-9DFD-7F7E06021210}.Release|Any CPU.ActiveCfg = Release|Any CPU
		{8ABBD30B-3FF4-45A1-9DFD-7F7E06021210}.Release|Any CPU.Build.0 = Release|Any CPU
	EndGlobalSection
	GlobalSection(SolutionProperties) = preSolution
		HideSolutionNode = FALSE
	EndGlobalSection
	GlobalSection(ExtensibilityGlobals) = postSolution
		SolutionGuid = {237108A9-2104-480E-83FD-BA995C8E78E6}
	EndGlobalSection
EndGlobal
